
Microsoft Visual Studio Solution File, Format Version 12.00
# Visual Studio Version 16
VisualStudioVersion = 16.0.31005.135
MinimumVisualStudioVersion = 10.0.40219.1
Project("{FAE04EC0-301F-11D3-BF4B-00C04F79EFBC}") = "prostaya_iteracia2", "prostaya_iteracia2\prostaya_iteracia2.csproj", "{027DE5C9-6606-461F-AE36-055544EAF7AE}"
EndProject
Global
	GlobalSection(SolutionConfigurationPlatforms) = preSolution
		Debug|Any CPU = Debug|Any CPU
		Release|Any CPU = Release|Any CPU
	EndGlobalSection
	GlobalSection(ProjectConfigurationPlatforms) = postSolution
		{027DE5C9-6606-461F-AE36-055544EAF7AE}.Debug|Any CPU.ActiveCfg = Debug|Any CPU
		{027DE5C9-6606-461F-AE36-055544EAF7AE}.Debug|Any CPU.Build.0 = Debug|Any CPU
		{027DE5C9-6606-461F-AE36-055544EAF7AE}.Release|Any CPU.ActiveCfg = Release|Any CPU
		{027DE5C9-6606-461F-AE36-055544EAF7AE}.Release|Any CPU.Build.0 = Release|Any CPU
	EndGlobalSection
	GlobalSection(SolutionProperties) = preSolution
		HideSolutionNode = FALSE
	EndGlobalSection
	GlobalSection(ExtensibilityGlobals) = postSolution
		SolutionGuid = {341F718F-F275-49FC-8786-A6EBB1E96817}
	EndGlobalSection
EndGlobal
